{
  "name": "openai-go-steady-mock",
  "lockfileVersion": 3,
  "requires": true,
  "packages": {
    "": {
      "name": "openai-go-steady-mock",
      "license": "Apache-2.0",
      "dependencies": {
        "@stdy/cli": "0.22.2"
      }
    },
    "node_modules/@stdy/cli": {
      "version": "0.22.2",
      "resolved": "https://registry.npmjs.org/@stdy/cli/-/cli-0.22.2.tgz",
      "integrity": "sha512-37UQfqcOSv1kevXJDt4FUA/l3vc62gzahzMcKJx5qL/kSt5ExRg++hGMwV1/PTRLIBOgbMzpKfoK26TaUYkdng==",
      "license": "MIT",
      "bin": {
        "steady": "steady.js"
      },
      "engines": {
        "node": ">=14.0.0"
      },
      "optionalDependencies": {
        "@stdy/cli-darwin-arm64": "0.22.2",
        "@stdy/cli-darwin-x64": "0.22.2",
        "@stdy/cli-linux-arm64": "0.22.2",
        "@stdy/cli-linux-x64": "0.22.2",
        "@stdy/cli-win32-x64": "0.22.2"
      }
    },
    "node_modules/@stdy/cli-darwin-arm64": {
      "version": "0.22.2",
      "resolved": "https://registry.npmjs.org/@stdy/cli-darwin-arm64/-/cli-darwin-arm64-0.22.2.tgz",
      "integrity": "sha512-k5WGyCQl7DDpYWy3BI5TxGIxOdUpMeJ0q7kUi1EYs7Y72B/q0hIKDv3/fCgoZPWBI+N9XjnlSyetaxVQTRvWow==",
      "cpu": [
        "arm64"
      ],
      "license": "MIT",
      "optional": true,
      "os": [
        "darwin"
      ]
    },
    "node_modules/@stdy/cli-darwin-x64": {
      "version": "0.22.2",
      "resolved": "https://registry.npmjs.org/@stdy/cli-darwin-x64/-/cli-darwin-x64-0.22.2.tgz",
      "integrity": "sha512-BYbQhEqBiEd+G9IyXWLpgAcSXFKMr6W3ZQXiOS3O5NnOWv+bNuyo793eBvEJ5fRKiuCV6n/ANVSJZLFOf6Nzog==",
      "cpu": [
        "x64"
      ],
      "license": "MIT",
      "optional": true,
      "os": [
        "darwin"
      ]
    },
    "node_modules/@stdy/cli-linux-arm64": {
      "version": "0.22.2",
      "resolved": "https://registry.npmjs.org/@stdy/cli-linux-arm64/-/cli-linux-arm64-0.22.2.tgz",
      "integrity": "sha512-HjSQdAt40CpYIauUKJ1xyIEsdrf5LtQP1x8Su7BEZJN94807ROJXxabW+jXyc48823tVBkrnxNUUTrBK4TVTRw==",
      "cpu": [
        "arm64"
      ],
      "license": "MIT",
      "optional": true,
      "os": [
        "linux"
      ]
    },
    "node_modules/@stdy/cli-linux-x64": {
      "version": "0.22.2",
      "resolved": "https://registry.npmjs.org/@stdy/cli-linux-x64/-/cli-linux-x64-0.22.2.tgz",
      "integrity": "sha512-kp5QdG26EC8gEzVXI0YgzmiiFHz7DFCNRLNfAWa2rDPHr/jUBnfkP8AlbTPmv0YNQpnKn1wzSWHFw88fn/OTog==",
      "cpu": [
        "x64"
      ],
      "license": "MIT",
      "optional": true,
      "os": [
        "linux"
      ]
    },
    "node_modules/@stdy/cli-win32-x64": {
      "version": "0.22.2",
      "resolved": "https://registry.npmjs.org/@stdy/cli-win32-x64/-/cli-win32-x64-0.22.2.tgz",
      "integrity": "sha512-7ZsJltOYVvMTl6eAy1AKMya7TFhb629FXr/BKZTyQsBrPj28rAaebQSTFYs1IZN0+n6LnJTpue6m4SIkevqBNA==",
      "cpu": [
        "x64"
      ],
      "license": "MIT",
      "optional": true,
      "os": [
        "win32"
      ]
    }
  }
}
